
Microsoft Visual Studio Solution File, Format Version 12.00
Project("{F2A71F9B-5D33-465A-A702-920D77279786}") = "Proyecto2Funcional", "Proyecto2Funcional\Proyecto2Funcional.fsproj", "{CFEDC132-A2E6-4D30-BEEA-45757B764FD1}"
EndProject
Project("{FAE04EC0-301F-11D3-BF4B-00C04F79EFBC}") = "grafica", "grafica\grafica.csproj", "{9FF36EE5-5098-4349-A01F-A1C68BD15436}"
EndProject
Global
	GlobalSection(SolutionConfigurationPlatforms) = preSolution
		Debug|Any CPU = Debug|Any CPU
		Release|Any CPU = Release|Any CPU
	EndGlobalSection
	GlobalSection(ProjectConfigurationPlatforms) = postSolution
		{CFEDC132-A2E6-4D30-BEEA-45757B764FD1}.Debug|Any CPU.ActiveCfg = Debug|Any CPU
		{CFEDC132-A2E6-4D30-BEEA-45757B764FD1}.Debug|Any CPU.Build.0 = Debug|Any CPU
		{CFEDC132-A2E6-4D30-BEEA-45757B764FD1}.Release|Any CPU.ActiveCfg = Release|Any CPU
		{CFEDC132-A2E6-4D30-BEEA-45757B764FD1}.Release|Any CPU.Build.0 = Release|Any CPU
		{9FF36EE5-5098-4349-A01F-A1C68BD15436}.Debug|Any CPU.ActiveCfg = Debug|Any CPU
		{9FF36EE5-5098-4349-A01F-A1C68BD15436}.Debug|Any CPU.Build.0 = Debug|Any CPU
		{9FF36EE5-5098-4349-A01F-A1C68BD15436}.Release|Any CPU.ActiveCfg = Release|Any CPU
		{9FF36EE5-5098-4349-A01F-A1C68BD15436}.Release|Any CPU.Build.0 = Release|Any CPU
	EndGlobalSection
EndGlobal
